Microsoft Visual Studio Solution File, Format Version 12.00
# Visual Studio Version 17
VisualStudioVersion = 17.11.35327.3
MinimumVisualStudioVersion = 10.0.40219.1
Project("{2150E333-8FDC-42A3-9474-1A3956D46DE8}") = "Module2", "Module2", "{B0807334-B39A-45CE-8A52-9F46AC8AF8D7}"
EndProject
Project("{FAE04EC0-301F-11D3-BF4B-00C04F79EFBC}") = "Module2BaiSo1_DangVuQuynhHuong", "Module2BaiSo1_DangVuQuynhHuong\Module2BaiSo1_DangVuQuynhHuong.csproj", "{2C845668-F187-48C8-865E-B0058B7E1EFC}"
EndProject
Project("{FAE04EC0-301F-11D3-BF4B-00C04F79EFBC}") = "Module2BaiSo2_DangVuQuynhHuong", "Module2BaiSo2_DangVuQuynhHuong\Module2BaiSo2_DangVuQuynhHuong.csproj", "{0F4B783E-ED8C-44D4-9F24-77CB1BDDF43D}"
EndProject
Project("{FAE04EC0-301F-11D3-BF4B-00C04F79EFBC}") = "Module2BaiSo3_DangVuQuynhHuong", "Module2BaiSo3_DangVuQuynhHuong\Module2BaiSo3_DangVuQuynhHuong.csproj", "{1C1F655F-B911-401A-8F87-BF3554CC11C0}"
EndProject
Project("{FAE04EC0-301F-11D3-BF4B-00C04F79EFBC}") = "Module2BaiSo4_DangVuQuynhHuong", "Module2BaiSo4_DangVuQuynhHuong\Module2BaiSo4_DangVuQuynhHuong.csproj", "{A541E060-76CF-465E-875A-A740FCBF9D64}"
EndProject
Project("{FAE04EC0-301F-11D3-BF4B-00C04F79EFBC}") = "Module2BaiSo5_DangVuQuynhHuong", "Module2BaiSo5_DangVuQuynhHuong\Module2BaiSo5_DangVuQuynhHuong.csproj", "{3FAF026E-EFD5-4284-9729-7646DE906DBA}"
EndProject
Project("{FAE04EC0-301F-11D3-BF4B-00C04F79EFBC}") = "Module2BaiSo6_DangVuQuynhHuong", "Module2BaiSo6_DangVuQuynhHuong\Module2BaiSo6_DangVuQuynhHuong.csproj", "{A82ED9AB-53D4-416A-9FFF-8E87478D1027}"
EndProject
Project("{FAE04EC0-301F-11D3-BF4B-00C04F79EFBC}") = "Module2BaiSo7_DangVuQuynhHuong", "Module2BaiSo7_DangVuQuynhHuong\Module2BaiSo7_DangVuQuynhHuong.csproj", "{5E241EAD-6217-49F6-9E30-80EB1AB98E24}"
EndProject
Project("{FAE04EC0-301F-11D3-BF4B-00C04F79EFBC}") = "Module2BaiSo8_DangVuQuynhHuong", "Module2BaiSo8_DangVuQuynhHuong\Module2BaiSo8_DangVuQuynhHuong.csproj", "{6355CF77-3757-4BEF-B836-3A2C37F0320A}"
EndProject
Project("{FAE04EC0-301F-11D3-BF4B-00C04F79EFBC}") = "Module2BaiSo9_DangVuQuynhHuong", "Module2BaiSo9_DangVuQuynhHuong\Module2BaiSo9_DangVuQuynhHuong.csproj", "{7B3C1FC6-3CA5-4C21-9661-85A2B6083A7A}"
EndProject
Project("{FAE04EC0-301F-11D3-BF4B-00C04F79EFBC}") = "Module2BaiSo10_DangVuQuynhHuong", "Module2BaiSo10_DangVuQuynhHuong\Module2BaiSo10_DangVuQuynhHuong.csproj", "{7FABE32C-1EBC-49FA-A723-979E6A5A44D4}"
EndProject
Global
	GlobalSection(SolutionConfigurationPlatforms) = preSolution
		Debug|Any CPU = Debug|Any CPU
		Release|Any CPU = Release|Any CPU
	EndGlobalSection
	GlobalSection(ProjectConfigurationPlatforms) = postSolution
		{2C845668-F187-48C8-865E-B0058B7E1EFC}.Debug|Any CPU.ActiveCfg = Debug|Any CPU
		{2C845668-F187-48C8-865E-B0058B7E1EFC}.Debug|Any CPU.Build.0 = Debug|Any CPU
		{2C845668-F187-48C8-865E-B0058B7E1EFC}.Release|Any CPU.ActiveCfg = Release|Any CPU
		{2C845668-F187-48C8-865E-B0058B7E1EFC}.Release|Any CPU.Build.0 = Release|Any CPU
		{0F4B783E-ED8C-44D4-9F24-77CB1BDDF43D}.Debug|Any CPU.ActiveCfg = Debug|Any CPU
		{0F4B783E-ED8C-44D4-9F24-77CB1BDDF43D}.Debug|Any CPU.Build.0 = Debug|Any CPU
		{0F4B783E-ED8C-44D4-9F24-77CB1BDDF43D}.Release|Any CPU.ActiveCfg = Release|Any CPU
		{0F4B783E-ED8C-44D4-9F24-77CB1BDDF43D}.Release|Any CPU.Build.0 = Release|Any CPU
		{1C1F655F-B911-401A-8F87-BF3554CC11C0}.Debug|Any CPU.ActiveCfg = Debug|Any CPU
		{1C1F655F-B911-401A-8F87-BF3554CC11C0}.Debug|Any CPU.Build.0 = Debug|Any CPU
		{1C1F655F-B911-401A-8F87-BF3554CC11C0}.Release|Any CPU.ActiveCfg = Release|Any CPU
		{1C1F655F-B911-401A-8F87-BF3554CC11C0}.Release|Any CPU.Build.0 = Release|Any CPU
		{A541E060-76CF-465E-875A-A740FCBF9D64}.Debug|Any CPU.ActiveCfg = Debug|Any CPU
		{A541E060-76CF-465E-875A-A740FCBF9D64}.Debug|Any CPU.Build.0 = Debug|Any CPU
		{A541E060-76CF-465E-875A-A740FCBF9D64}.Release|Any CPU.ActiveCfg = Release|Any CPU
		{A541E060-76CF-465E-875A-A740FCBF9D64}.Release|Any CPU.Build.0 = Release|Any CPU
		{3FAF026E-EFD5-4284-9729-7646DE906DBA}.Debug|Any CPU.ActiveCfg = Debug|Any CPU
		{3FAF026E-EFD5-4284-9729-7646DE906DBA}.Debug|Any CPU.Build.0 = Debug|Any CPU
		{3FAF026E-EFD5-4284-9729-7646DE906DBA}.Release|Any CPU.ActiveCfg = Release|Any CPU
		{3FAF026E-EFD5-4284-9729-7646DE906DBA}.Release|Any CPU.Build.0 = Release|Any CPU
		{A82ED9AB-53D4-416A-9FFF-8E87478D1027}.Debug|Any CPU.ActiveCfg = Debug|Any CPU
		{A82ED9AB-53D4-416A-9FFF-8E87478D1027}.Debug|Any CPU.Build.0 = Debug|Any CPU
		{A82ED9AB-53D4-416A-9FFF-8E87478D1027}.Release|Any CPU.ActiveCfg = Release|Any CPU
		{A82ED9AB-53D4-416A-9FFF-8E87478D1027}.Release|Any CPU.Build.0 = Release|Any CPU
		{5E241EAD-6217-49F6-9E30-80EB1AB98E24}.Debug|Any CPU.ActiveCfg = Debug|Any CPU
		{5E241EAD-6217-49F6-9E30-80EB1AB98E24}.Debug|Any CPU.Build.0 = Debug|Any CPU
		{5E241EAD-6217-49F6-9E30-80EB1AB98E24}.Release|Any CPU.ActiveCfg = Release|Any CPU
		{5E241EAD-6217-49F6-9E30-80EB1AB98E24}.Release|Any CPU.Build.0 = Release|Any CPU
		{6355CF77-3757-4BEF-B836-3A2C37F0320A}.Debug|Any CPU.ActiveCfg = Debug|Any CPU
		{6355CF77-3757-4BEF-B836-3A2C37F0320A}.Debug|Any CPU.Build.0 = Debug|Any CPU
		{6355CF77-3757-4BEF-B836-3A2C37F0320A}.Release|Any CPU.ActiveCfg = Release|Any CPU
		{6355CF77-3757-4BEF-B836-3A2C37F0320A}.Release|Any CPU.Build.0 = Release|Any CPU
		{7B3C1FC6-3CA5-4C21-9661-85A2B6083A7A}.Debug|Any CPU.ActiveCfg = Debug|Any CPU
		{7B3C1FC6-3CA5-4C21-9661-85A2B6083A7A}.Debug|Any CPU.Build.0 = Debug|Any CPU
		{7B3C1FC6-3CA5-4C21-9661-85A2B6083A7A}.Release|Any CPU.ActiveCfg = Release|Any CPU
		{7B3C1FC6-3CA5-4C21-9661-85A2B6083A7A}.Release|Any CPU.Build.0 = Release|Any CPU
		{7FABE32C-1EBC-49FA-A723-979E6A5A44D4}.Debug|Any CPU.ActiveCfg = Debug|Any CPU
		{7FABE32C-1EBC-49FA-A723-979E6A5A44D4}.Debug|Any CPU.Build.0 = Debug|Any CPU
		{7FABE32C-1EBC-49FA-A723-979E6A5A44D4}.Release|Any CPU.ActiveCfg = Release|Any CPU
		{7FABE32C-1EBC-49FA-A723-979E6A5A44D4}.Release|Any CPU.Build.0 = Release|Any CPU
	EndGlobalSection
	GlobalSection(SolutionProperties) = preSolution
		HideSolutionNode = FALSE
	EndGlobalSection
	GlobalSection(NestedProjects) = preSolution
		{2C845668-F187-48C8-865E-B0058B7E1EFC} = {B0807334-B39A-45CE-8A52-9F46AC8AF8D7}
		{0F4B783E-ED8C-44D4-9F24-77CB1BDDF43D} = {B0807334-B39A-45CE-8A52-9F46AC8AF8D7}
		{1C1F655F-B911-401A-8F87-BF3554CC11C0} = {B0807334-B39A-45CE-8A52-9F46AC8AF8D7}
		{A541E060-76CF-465E-875A-A740FCBF9D64} = {B0807334-B39A-45CE-8A52-9F46AC8AF8D7}
		{3FAF026E-EFD5-4284-9729-7646DE906DBA} = {B0807334-B39A-45CE-8A52-9F46AC8AF8D7}
		{A82ED9AB-53D4-416A-9FFF-8E87478D1027} = {B0807334-B39A-45CE-8A52-9F46AC8AF8D7}
		{5E241EAD-6217-49F6-9E30-80EB1AB98E24} = {B0807334-B39A-45CE-8A52-9F46AC8AF8D7}
		{6355CF77-3757-4BEF-B836-3A2C37F0320A} = {B0807334-B39A-45CE-8A52-9F46AC8AF8D7}
		{7B3C1FC6-3CA5-4C21-9661-85A2B6083A7A} = {B0807334-B39A-45CE-8A52-9F46AC8AF8D7}
		{7FABE32C-1EBC-49FA-A723-979E6A5A44D4} = {B0807334-B39A-45CE-8A52-9F46AC8AF8D7}
	EndGlobalSection
	GlobalSection(ExtensibilityGlobals) = postSolution
		SolutionGuid = {F7EC1468-BB3C-4656-9FCC-D1FCD84EF587}
	EndGlobalSection
EndGlobal
